# THIS IS AN AUTOGENERATED FILE. DO NOT EDIT THIS FILE DIRECTLY.
# yarn lockfile v1


"@publishvue/chessops@^1.0.1":
  version "1.0.2"
  resolved "https://registry.yarnpkg.com/@publishvue/chessops/-/chessops-1.0.2.tgz#b1e17c542943f40ad1ce93604082fb194d37d435"
  integrity sha512-igo2CYw1LOUCBr3htMD57DhMoNPi8oAxzBsNrnSLFu1uaYWdShtw4tm9vRn+lX3tqrAykFO8Qvesqxc41LTsag==
